
Microsoft Visual Studio Solution File, Format Version 12.00
# Visual Studio 14
VisualStudioVersion = 14.0.25420.1
MinimumVisualStudioVersion = 10.0.40219.1
Project("{FAE04EC0-301F-11D3-BF4B-00C04F79EFBC}") = "MyNotebooks", "MyNotebooks\MyNotebooks.csproj", "{9100B371-A446-4BEE-9FFE-FD0627C19C0D}"
EndProject
Project("{FAE04EC0-301F-11D3-BF4B-00C04F79EFBC}") = "MyNotebooks.Services", "MyNotebooks.Services\MyNotebooks.Services.csproj", "{B2C8261B-6B7F-48E4-907E-CBEEBEDAF01C}"
EndProject
Project("{FAE04EC0-301F-11D3-BF4B-00C04F79EFBC}") = "MyNotebooks.Data", "MyNotebooks.Data\MyNotebooks.Data.csproj", "{D01C9493-6B35-43A8-A7F1-DC0020B582A5}"
EndProject
Project("{FAE04EC0-301F-11D3-BF4B-00C04F79EFBC}") = "MyNotebooks.Core", "MyNotebooks.Core\MyNotebooks.Core.csproj", "{617FC8A1-78A9-422B-944F-216A54A67DBD}"
EndProject
Project("{FAE04EC0-301F-11D3-BF4B-00C04F79EFBC}") = "MyNotebooks.DataModels", "MyNotebooks.DataModels\MyNotebooks.DataModels.csproj", "{0F187EF2-4307-43A7-814D-08389DF9B9A3}"
EndProject
Project("{FAE04EC0-301F-11D3-BF4B-00C04F79EFBC}") = "MyNotebooks.Tests", "MyNotebooks.Tests\MyNotebooks.Tests.csproj", "{F1DA9BE3-4FD3-4CE2-B64B-3257C5B09487}"
EndProject
Project("{FAE04EC0-301F-11D3-BF4B-00C04F79EFBC}") = "MyNotebooks.Identity", "MyNotebooks.Identity\MyNotebooks.Identity.csproj", "{46D340F4-6725-4778-B9A2-0960B8E86887}"
EndProject
Global
	GlobalSection(SolutionConfigurationPlatforms) = preSolution
		Debug|Any CPU = Debug|Any CPU
		Release|Any CPU = Release|Any CPU
	EndGlobalSection
	GlobalSection(ProjectConfigurationPlatforms) = postSolution
		{9100B371-A446-4BEE-9FFE-FD0627C19C0D}.Debug|Any CPU.ActiveCfg = Debug|Any CPU
		{9100B371-A446-4BEE-9FFE-FD0627C19C0D}.Debug|Any CPU.Build.0 = Debug|Any CPU
		{9100B371-A446-4BEE-9FFE-FD0627C19C0D}.Release|Any CPU.ActiveCfg = Release|Any CPU
		{9100B371-A446-4BEE-9FFE-FD0627C19C0D}.Release|Any CPU.Build.0 = Release|Any CPU
		{B2C8261B-6B7F-48E4-907E-CBEEBEDAF01C}.Debug|Any CPU.ActiveCfg = Debug|Any CPU
		{B2C8261B-6B7F-48E4-907E-CBEEBEDAF01C}.Debug|Any CPU.Build.0 = Debug|Any CPU
		{B2C8261B-6B7F-48E4-907E-CBEEBEDAF01C}.Release|Any CPU.ActiveCfg = Release|Any CPU
		{B2C8261B-6B7F-48E4-907E-CBEEBEDAF01C}.Release|Any CPU.Build.0 = Release|Any CPU
		{D01C9493-6B35-43A8-A7F1-DC0020B582A5}.Debug|Any CPU.ActiveCfg = Debug|Any CPU
		{D01C9493-6B35-43A8-A7F1-DC0020B582A5}.Debug|Any CPU.Build.0 = Debug|Any CPU
		{D01C9493-6B35-43A8-A7F1-DC0020B582A5}.Release|Any CPU.ActiveCfg = Release|Any CPU
		{D01C9493-6B35-43A8-A7F1-DC0020B582A5}.Release|Any CPU.Build.0 = Release|Any CPU
		{617FC8A1-78A9-422B-944F-216A54A67DBD}.Debug|Any CPU.ActiveCfg = Debug|Any CPU
		{617FC8A1-78A9-422B-944F-216A54A67DBD}.Debug|Any CPU.Build.0 = Debug|Any CPU
		{617FC8A1-78A9-422B-944F-216A54A67DBD}.Release|Any CPU.ActiveCfg = Release|Any CPU
		{617FC8A1-78A9-422B-944F-216A54A67DBD}.Release|Any CPU.Build.0 = Release|Any CPU
		{0F187EF2-4307-43A7-814D-08389DF9B9A3}.Debug|Any CPU.ActiveCfg = Debug|Any CPU
		{0F187EF2-4307-43A7-814D-08389DF9B9A3}.Debug|Any CPU.Build.0 = Debug|Any CPU
		{0F187EF2-4307-43A7-814D-08389DF9B9A3}.Release|Any CPU.ActiveCfg = Release|Any CPU
		{0F187EF2-4307-43A7-814D-08389DF9B9A3}.Release|Any CPU.Build.0 = Release|Any CPU
		{F1DA9BE3-4FD3-4CE2-B64B-3257C5B09487}.Debug|Any CPU.ActiveCfg = Debug|Any CPU
		{F1DA9BE3-4FD3-4CE2-B64B-3257C5B09487}.Debug|Any CPU.Build.0 = Debug|Any CPU
		{F1DA9BE3-4FD3-4CE2-B64B-3257C5B09487}.Release|Any CPU.ActiveCfg = Release|Any CPU
		{F1DA9BE3-4FD3-4CE2-B64B-3257C5B09487}.Release|Any CPU.Build.0 = Release|Any CPU
		{46D340F4-6725-4778-B9A2-0960B8E86887}.Debug|Any CPU.ActiveCfg = Debug|Any CPU
		{46D340F4-6725-4778-B9A2-0960B8E86887}.Debug|Any CPU.Build.0 = Debug|Any CPU
		{46D340F4-6725-4778-B9A2-0960B8E86887}.Release|Any CPU.ActiveCfg = Release|Any CPU
		{46D340F4-6725-4778-B9A2-0960B8E86887}.Release|Any CPU.Build.0 = Release|Any CPU
	EndGlobalSection
	GlobalSection(SolutionProperties) = preSolution
		HideSolutionNode = FALSE
	EndGlobalSection
EndGlobal
